
Microsoft Visual Studio Solution File, Format Version 12.00
# Visual Studio Version 16
VisualStudioVersion = 16.0.31515.178
MinimumVisualStudioVersion = 10.0.40219.1
Project("{9A19103F-16F7-4668-BE54-9A1E7A4F7556}") = "CraftStore.Web", "CraftStore.Web\CraftStore.Web.csproj", "{8145518C-DE27-4553-ACBF-45A6F6C076CB}"
EndProject
Global
	GlobalSection(SolutionConfigurationPlatforms) = preSolution
		Debug|Any CPU = Debug|Any CPU
		Release|Any CPU = Release|Any CPU
	EndGlobalSection
	GlobalSection(ProjectConfigurationPlatforms) = postSolution
		{8145518C-DE27-4553-ACBF-45A6F6C076CB}.Debug|Any CPU.ActiveCfg = Debug|Any CPU
		{8145518C-DE27-4553-ACBF-45A6F6C076CB}.Debug|Any CPU.Build.0 = Debug|Any CPU
		{8145518C-DE27-4553-ACBF-45A6F6C076CB}.Release|Any CPU.ActiveCfg = Release|Any CPU
		{8145518C-DE27-4553-ACBF-45A6F6C076CB}.Release|Any CPU.Build.0 = Release|Any CPU
	EndGlobalSection
	GlobalSection(SolutionProperties) = preSolution
		HideSolutionNode = FALSE
	EndGlobalSection
	GlobalSection(ExtensibilityGlobals) = postSolution
		SolutionGuid = {84CCFBFA-81A0-4B08-BB69-E77446351F78}
	EndGlobalSection
EndGlobal
